github.com/dylibso/xtp-test-go v0.0.2 h1:CW+Wl7JY/l30WA4nMZhZrwYC4cZbTvA+5cdJoPV3+Uc=
github.com/dylibso/xtp-test-go v0.0.2/go.mod h1:YBGHZkaFOWNH3geVBx3/byJmd5XPa+Nz8XNwKahnT3Q=
github.com/extism/go-pdk v1.1.0 h1:K2On6XOERxrYdsgu0uLzCxeu/FYRHE8jId/hdEVSYoY=
github.com/extism/go-pdk v1.1.0/go.mod h1:Gz+LIU/YCKnKXhgge8yo5Yu1F/lbv7KtKFkiCSzW/P4=
